
Microsoft Visual Studio Solution File, Format Version 12.00
# Visual Studio Version 17
VisualStudioVersion = 17.6.33815.320
MinimumVisualStudioVersion = 10.0.40219.1
Project("{9A19103F-16F7-4668-BE54-9A1E7A4F7556}") = "ETS.WebApi", "ElevatorTrackingSystem\ETS.WebApi.csproj", "{6898566E-6A2B-4629-84AC-00981AB79951}"
	ProjectSection(ProjectDependencies) = postProject
		{23C97D44-B229-43D6-B83F-EDC55A2C736C} = {23C97D44-B229-43D6-B83F-EDC55A2C736C}
	EndProjectSection
EndProject
Project("{9A19103F-16F7-4668-BE54-9A1E7A4F7556}") = "CommonTypesLayer", "CommonTypesLayer\CommonTypesLayer.csproj", "{F2A96D4E-8F66-4D39-8EF8-0B95F6896EA9}"
EndProject
Project("{9A19103F-16F7-4668-BE54-9A1E7A4F7556}") = "ETS.Model", "ETS.Model\ETS.Model.csproj", "{B7A152BC-2383-4F5D-A1FC-19AC47A51DBB}"
EndProject
Project("{FAE04EC0-301F-11D3-BF4B-00C04F79EFBC}") = "ETS.Business", "ETS.Business\ETS.Business.csproj", "{23C97D44-B229-43D6-B83F-EDC55A2C736C}"
	ProjectSection(ProjectDependencies) = postProject
		{5E857B35-CE7E-425B-9821-53679D150FE6} = {5E857B35-CE7E-425B-9821-53679D150FE6}
		{B7A152BC-2383-4F5D-A1FC-19AC47A51DBB} = {B7A152BC-2383-4F5D-A1FC-19AC47A51DBB}
	EndProjectSection
EndProject
Project("{FAE04EC0-301F-11D3-BF4B-00C04F79EFBC}") = "ETS.DataAccess", "ETS.DataAccess\ETS.DataAccess.csproj", "{5E857B35-CE7E-425B-9821-53679D150FE6}"
	ProjectSection(ProjectDependencies) = postProject
		{B7A152BC-2383-4F5D-A1FC-19AC47A51DBB} = {B7A152BC-2383-4F5D-A1FC-19AC47A51DBB}
		{F2A96D4E-8F66-4D39-8EF8-0B95F6896EA9} = {F2A96D4E-8F66-4D39-8EF8-0B95F6896EA9}
	EndProjectSection
EndProject
Global
	GlobalSection(SolutionConfigurationPlatforms) = preSolution
		Debug|Any CPU = Debug|Any CPU
		Release|Any CPU = Release|Any CPU
	EndGlobalSection
	GlobalSection(ProjectConfigurationPlatforms) = postSolution
		{6898566E-6A2B-4629-84AC-00981AB79951}.Debug|Any CPU.ActiveCfg = Debug|Any CPU
		{6898566E-6A2B-4629-84AC-00981AB79951}.Debug|Any CPU.Build.0 = Debug|Any CPU
		{6898566E-6A2B-4629-84AC-00981AB79951}.Release|Any CPU.ActiveCfg = Release|Any CPU
		{6898566E-6A2B-4629-84AC-00981AB79951}.Release|Any CPU.Build.0 = Release|Any CPU
		{F2A96D4E-8F66-4D39-8EF8-0B95F6896EA9}.Debug|Any CPU.ActiveCfg = Debug|Any CPU
		{F2A96D4E-8F66-4D39-8EF8-0B95F6896EA9}.Debug|Any CPU.Build.0 = Debug|Any CPU
		{F2A96D4E-8F66-4D39-8EF8-0B95F6896EA9}.Release|Any CPU.ActiveCfg = Release|Any CPU
		{F2A96D4E-8F66-4D39-8EF8-0B95F6896EA9}.Release|Any CPU.Build.0 = Release|Any CPU
		{B7A152BC-2383-4F5D-A1FC-19AC47A51DBB}.Debug|Any CPU.ActiveCfg = Debug|Any CPU
		{B7A152BC-2383-4F5D-A1FC-19AC47A51DBB}.Debug|Any CPU.Build.0 = Debug|Any CPU
		{B7A152BC-2383-4F5D-A1FC-19AC47A51DBB}.Release|Any CPU.ActiveCfg = Release|Any CPU
		{B7A152BC-2383-4F5D-A1FC-19AC47A51DBB}.Release|Any CPU.Build.0 = Release|Any CPU
		{23C97D44-B229-43D6-B83F-EDC55A2C736C}.Debug|Any CPU.ActiveCfg = Debug|Any CPU
		{23C97D44-B229-43D6-B83F-EDC55A2C736C}.Debug|Any CPU.Build.0 = Debug|Any CPU
		{23C97D44-B229-43D6-B83F-EDC55A2C736C}.Release|Any CPU.ActiveCfg = Release|Any CPU
		{23C97D44-B229-43D6-B83F-EDC55A2C736C}.Release|Any CPU.Build.0 = Release|Any CPU
		{5E857B35-CE7E-425B-9821-53679D150FE6}.Debug|Any CPU.ActiveCfg = Debug|Any CPU
		{5E857B35-CE7E-425B-9821-53679D150FE6}.Debug|Any CPU.Build.0 = Debug|Any CPU
		{5E857B35-CE7E-425B-9821-53679D150FE6}.Release|Any CPU.ActiveCfg = Release|Any CPU
		{5E857B35-CE7E-425B-9821-53679D150FE6}.Release|Any CPU.Build.0 = Release|Any CPU
	EndGlobalSection
	GlobalSection(SolutionProperties) = preSolution
		HideSolutionNode = FALSE
	EndGlobalSection
	GlobalSection(ExtensibilityGlobals) = postSolution
		SolutionGuid = {D83B898D-72C5-4214-B2E4-1167D8407CE7}
	EndGlobalSection
EndGlobal
